// !$*UTF8*$!
{
	archiveVersion = 1;
	classes = {
	};
	objectVersion = 56;
	objects = {

/* Begin PBXBuildFile section */
		6D1489BB2BD347E400678255 /* FeedbackView.swift in Sources */ = {isa = PBXBuildFile; fileRef = 6D1489BA2BD347E400678255 /* FeedbackView.swift */; };
		6D7835312BC650E70064BDB3 /* ResponseView.swift in Sources */ = {isa = PBXBuildFile; fileRef = 6D7835302BC650E70064BDB3 /* ResponseView.swift */; };
		6D7835352BC654B00064BDB3 /* ViewModifier.swift in Sources */ = {isa = PBXBuildFile; fileRef = 6D7835342BC654B00064BDB3 /* ViewModifier.swift */; };
		6D8A7D392BEF694300C1B51A /* ScenarioOptions.swift in Sources */ = {isa = PBXBuildFile; fileRef = 6D8A7D382BEF694300C1B51A /* ScenarioOptions.swift */; };
		6D8A7D3B2BEF695100C1B51A /* CafeDialogue.swift in Sources */ = {isa = PBXBuildFile; fileRef = 6D8A7D3A2BEF695100C1B51A /* CafeDialogue.swift */; };
		6D9D19EE2BE8F0D100F25EB1 /* Feedback.swift in Sources */ = {isa = PBXBuildFile; fileRef = 6D9D19ED2BE8F0D100F25EB1 /* Feedback.swift */; };
		6DCAE2022BDFA90F004FB7D4 /* BriefView.swift in Sources */ = {isa = PBXBuildFile; fileRef = 6DCAE2012BDFA90F004FB7D4 /* BriefView.swift */; };
		AD16CA262BCD91130023FE39 /* SpeechSynthezierService.swift in Sources */ = {isa = PBXBuildFile; fileRef = AD16CA252BCD91130023FE39 /* SpeechSynthezierService.swift */; };
		ADD16B1C2BE9FED300967F16 /* AudioManager.swift in Sources */ = {isa = PBXBuildFile; fileRef = ADD16B1B2BE9FED300967F16 /* AudioManager.swift */; };
		B812B0182BEDB71B0003BA64 /* ViewModel.swift in Sources */ = {isa = PBXBuildFile; fileRef = B812B0172BEDB71B0003BA64 /* ViewModel.swift */; };
		B8205F1F2BC0EE2800944A42 /* RealityKitContent in Frameworks */ = {isa = PBXBuildFile; productRef = B8205F1E2BC0EE2800944A42 /* RealityKitContent */; };
		B8205F212BC0EE2800944A42 /* IOSStudioApp.swift in Sources */ = {isa = PBXBuildFile; fileRef = B8205F202BC0EE2800944A42 /* IOSStudioApp.swift */; };
		B8205F232BC0EE2800944A42 /* HomeView.swift in Sources */ = {isa = PBXBuildFile; fileRef = B8205F222BC0EE2800944A42 /* HomeView.swift */; };
		B8205F252BC0EE2800944A42 /* ImmersiveView.swift in Sources */ = {isa = PBXBuildFile; fileRef = B8205F242BC0EE2800944A42 /* ImmersiveView.swift */; };
		B8205F272BC0EE2800944A42 /* ImageBasedLighting.skybox in Resources */ = {isa = PBXBuildFile; fileRef = B8205F262BC0EE2800944A42 /* ImageBasedLighting.skybox */; };
		B8205F292BC0EE2B00944A42 /* Assets.xcassets in Resources */ = {isa = PBXBuildFile; fileRef = B8205F282BC0EE2B00944A42 /* Assets.xcassets */; };
		B8205F2C2BC0EE2B00944A42 /* Preview Assets.xcassets in Resources */ = {isa = PBXBuildFile; fileRef = B8205F2B2BC0EE2B00944A42 /* Preview Assets.xcassets */; };
/* End PBXBuildFile section */

/* Begin PBXFileReference section */
		6D1489BA2BD347E400678255 /* FeedbackView.swift */ = {isa = PBXFileReference; lastKnownFileType = sourcecode.swift; path = FeedbackView.swift; sourceTree = "<group>"; };
		6D7835302BC650E70064BDB3 /* ResponseView.swift */ = {isa = PBXFileReference; lastKnownFileType = sourcecode.swift; path = ResponseView.swift; sourceTree = "<group>"; };
		6D7835342BC654B00064BDB3 /* ViewModifier.swift */ = {isa = PBXFileReference; fileEncoding = 4; lastKnownFileType = sourcecode.swift; path = ViewModifier.swift; sourceTree = "<group>"; };
		6D8A7D382BEF694300C1B51A /* ScenarioOptions.swift */ = {isa = PBXFileReference; fileEncoding = 4; lastKnownFileType = sourcecode.swift; path = ScenarioOptions.swift; sourceTree = "<group>"; };
		6D8A7D3A2BEF695100C1B51A /* CafeDialogue.swift */ = {isa = PBXFileReference; fileEncoding = 4; lastKnownFileType = sourcecode.swift; path = CafeDialogue.swift; sourceTree = "<group>"; };
		6D9D19ED2BE8F0D100F25EB1 /* Feedback.swift */ = {isa = PBXFileReference; fileEncoding = 4; lastKnownFileType = sourcecode.swift; path = Feedback.swift; sourceTree = "<group>"; };
		6DCAE2012BDFA90F004FB7D4 /* BriefView.swift */ = {isa = PBXFileReference; lastKnownFileType = sourcecode.swift; path = BriefView.swift; sourceTree = "<group>"; };
		AD16CA252BCD91130023FE39 /* SpeechSynthezierService.swift */ = {isa = PBXFileReference; lastKnownFileType = sourcecode.swift; path = SpeechSynthezierService.swift; sourceTree = "<group>"; };
		ADD16B1B2BE9FED300967F16 /* AudioManager.swift */ = {isa = PBXFileReference; lastKnownFileType = sourcecode.swift; name = AudioManager.swift; path = ../AudioManager.swift; sourceTree = "<group>"; };
		B812B0172BEDB71B0003BA64 /* ViewModel.swift */ = {isa = PBXFileReference; lastKnownFileType = sourcecode.swift; path = ViewModel.swift; sourceTree = "<group>"; };
		B8205F192BC0EE2800944A42 /* IOSStudio.app */ = {isa = PBXFileReference; explicitFileType = wrapper.application; includeInIndex = 0; path = IOSStudio.app; sourceTree = BUILT_PRODUCTS_DIR; };
		B8205F1D2BC0EE2800944A42 /* RealityKitContent */ = {isa = PBXFileReference; lastKnownFileType = wrapper; path = RealityKitContent; sourceTree = "<group>"; };
		B8205F202BC0EE2800944A42 /* IOSStudioApp.swift */ = {isa = PBXFileReference; lastKnownFileType = sourcecode.swift; path = IOSStudioApp.swift; sourceTree = "<group>"; };
		B8205F222BC0EE2800944A42 /* HomeView.swift */ = {isa = PBXFileReference; lastKnownFileType = sourcecode.swift; path = HomeView.swift; sourceTree = "<group>"; };
		B8205F242BC0EE2800944A42 /* ImmersiveView.swift */ = {isa = PBXFileReference; lastKnownFileType = sourcecode.swift; path = ImmersiveView.swift; sourceTree = "<group>"; };
		B8205F262BC0EE2800944A42 /* ImageBasedLighting.skybox */ = {isa = PBXFileReference; lastKnownFileType = file.skybox; path = ImageBasedLighting.skybox; sourceTree = "<group>"; };
		B8205F282BC0EE2B00944A42 /* Assets.xcassets */ = {isa = PBXFileReference; lastKnownFileType = folder.assetcatalog; path = Assets.xcassets; sourceTree = "<group>"; };
		B8205F2B2BC0EE2B00944A42 /* Preview Assets.xcassets */ = {isa = PBXFileReference; lastKnownFileType = folder.assetcatalog; path = "Preview Assets.xcassets"; sourceTree = "<group>"; };
		B8205F2D2BC0EE2B00944A42 /* Info.plist */ = {isa = PBXFileReference; lastKnownFileType = text.plist.xml; path = Info.plist; sourceTree = "<group>"; };
/* End PBXFileReference section */

/* Begin PBXFrameworksBuildPhase section */
		B8205F162BC0EE2800944A42 /* Frameworks */ = {
			isa = PBXFrameworksBuildPhase;
			buildActionMask = 2147483647;
			files = (
				B8205F1F2BC0EE2800944A42 /* RealityKitContent in Frameworks */,
			);
			runOnlyForDeploymentPostprocessing = 0;
		};
/* End PBXFrameworksBuildPhase section */

/* Begin PBXGroup section */
		B8205F102BC0EE2800944A42 = {
			isa = PBXGroup;
			children = (
				B8205F1B2BC0EE2800944A42 /* IOSStudio */,
				B8205F1C2BC0EE2800944A42 /* Packages */,
				B8205F1A2BC0EE2800944A42 /* Products */,
			);
			sourceTree = "<group>";
		};
		B8205F1A2BC0EE2800944A42 /* Products */ = {
			isa = PBXGroup;
			children = (
				B8205F192BC0EE2800944A42 /* IOSStudio.app */,
			);
			name = Products;
			sourceTree = "<group>";
		};
		B8205F1B2BC0EE2800944A42 /* IOSStudio */ = {
			isa = PBXGroup;
			children = (
				AD16CA252BCD91130023FE39 /* SpeechSynthezierService.swift */,
				ADD16B1B2BE9FED300967F16 /* AudioManager.swift */,
				B8205F202BC0EE2800944A42 /* IOSStudioApp.swift */,
				B8205F222BC0EE2800944A42 /* HomeView.swift */,
				6DCAE2012BDFA90F004FB7D4 /* BriefView.swift */,
				6D7835302BC650E70064BDB3 /* ResponseView.swift */,
				6D1489BA2BD347E400678255 /* FeedbackView.swift */,
				B8205F242BC0EE2800944A42 /* ImmersiveView.swift */,
				6D8A7D3A2BEF695100C1B51A /* CafeDialogue.swift */,
				6D7835342BC654B00064BDB3 /* ViewModifier.swift */,
				6D9D19ED2BE8F0D100F25EB1 /* Feedback.swift */,
				B812B0172BEDB71B0003BA64 /* ViewModel.swift */,
				6D8A7D382BEF694300C1B51A /* ScenarioOptions.swift */,
				B8205F262BC0EE2800944A42 /* ImageBasedLighting.skybox */,
				B8205F282BC0EE2B00944A42 /* Assets.xcassets */,
				B8205F2D2BC0EE2B00944A42 /* Info.plist */,
				B8205F2A2BC0EE2B00944A42 /* Preview Content */,
			);
			path = IOSStudio;
			sourceTree = "<group>";
		};
		B8205F1C2BC0EE2800944A42 /* Packages */ = {
			isa = PBXGroup;
			children = (
				B8205F1D2BC0EE2800944A42 /* RealityKitContent */,
			);
			path = Packages;
			sourceTree = "<group>";
		};
		B8205F2A2BC0EE2B00944A42 /* Preview Content */ = {
			isa = PBXGroup;
			children = (
				B8205F2B2BC0EE2B00944A42 /* Preview Assets.xcassets */,
			);
			path = "Preview Content";
			sourceTree = "<group>";
		};
/* End PBXGroup section */

/* Begin PBXNativeTarget section */
		B8205F182BC0EE2800944A42 /* IOSStudio */ = {
			isa = PBXNativeTarget;
			buildConfigurationList = B8205F302BC0EE2B00944A42 /* Build configuration list for PBXNativeTarget "IOSStudio" */;
			buildPhases = (
				B8205F152BC0EE2800944A42 /* Sources */,
				B8205F162BC0EE2800944A42 /* Frameworks */,
				B8205F172BC0EE2800944A42 /* Resources */,
			);
			buildRules = (
			);
			dependencies = (
			);
			name = IOSStudio;
			packageProductDependencies = (
				B8205F1E2BC0EE2800944A42 /* RealityKitContent */,
			);
			productName = IOSStudio;
			productReference = B8205F192BC0EE2800944A42 /* IOSStudio.app */;
			productType = "com.apple.product-type.application";
		};
/* End PBXNativeTarget section */

/* Begin PBXProject section */
		B8205F112BC0EE2800944A42 /* Project object */ = {
			isa = PBXProject;
			attributes = {
				BuildIndependentTargetsInParallel = 1;
				LastSwiftUpdateCheck = 1530;
				LastUpgradeCheck = 1530;
				TargetAttributes = {
					B8205F182BC0EE2800944A42 = {
						CreatedOnToolsVersion = 15.3;
					};
				};
			};
			buildConfigurationList = B8205F142BC0EE2800944A42 /* Build configuration list for PBXProject "IOSStudio" */;
			compatibilityVersion = "Xcode 14.0";
			developmentRegion = en;
			hasScannedForEncodings = 0;
			knownRegions = (
				en,
				Base,
			);
			mainGroup = B8205F102BC0EE2800944A42;
			productRefGroup = B8205F1A2BC0EE2800944A42 /* Products */;
			projectDirPath = "";
			projectRoot = "";
			targets = (
				B8205F182BC0EE2800944A42 /* IOSStudio */,
			);
		};
/* End PBXProject section */

/* Begin PBXResourcesBuildPhase section */
		B8205F172BC0EE2800944A42 /* Resources */ = {
			isa = PBXResourcesBuildPhase;
			buildActionMask = 2147483647;
			files = (
				B8205F292BC0EE2B00944A42 /* Assets.xcassets in Resources */,
				B8205F2C2BC0EE2B00944A42 /* Preview Assets.xcassets in Resources */,
				B8205F272BC0EE2800944A42 /* ImageBasedLighting.skybox in Resources */,
			);
			runOnlyForDeploymentPostprocessing = 0;
		};
/* End PBXResourcesBuildPhase section */

/* Begin PBXSourcesBuildPhase section */
		B8205F152BC0EE2800944A42 /* Sources */ = {
			isa = PBXSourcesBuildPhase;
			buildActionMask = 2147483647;
			files = (
				6D8A7D392BEF694300C1B51A /* ScenarioOptions.swift in Sources */,
				B8205F232BC0EE2800944A42 /* HomeView.swift in Sources */,
				6D7835352BC654B00064BDB3 /* ViewModifier.swift in Sources */,
				6D9D19EE2BE8F0D100F25EB1 /* Feedback.swift in Sources */,
				6D8A7D3B2BEF695100C1B51A /* CafeDialogue.swift in Sources */,
				B8205F212BC0EE2800944A42 /* IOSStudioApp.swift in Sources */,
				6DCAE2022BDFA90F004FB7D4 /* BriefView.swift in Sources */,
				B8205F252BC0EE2800944A42 /* ImmersiveView.swift in Sources */,
				AD16CA262BCD91130023FE39 /* SpeechSynthezierService.swift in Sources */,
				6D1489BB2BD347E400678255 /* FeedbackView.swift in Sources */,
				6D7835312BC650E70064BDB3 /* ResponseView.swift in Sources */,
				ADD16B1C2BE9FED300967F16 /* AudioManager.swift in Sources */,
				B812B0182BEDB71B0003BA64 /* ViewModel.swift in Sources */,
			);
			runOnlyForDeploymentPostprocessing = 0;
		};
/* End PBXSourcesBuildPhase section */

/* Begin XCBuildConfiguration section */
		B8205F2E2BC0EE2B00944A42 /* Debug */ = {
			isa = XCBuildConfiguration;
			buildSettings = {
				ALWAYS_SEARCH_USER_PATHS = NO;
				ASSETCATALOG_COMPILER_GENERATE_SWIFT_ASSET_SYMBOL_EXTENSIONS = YES;
				CLANG_ANALYZER_NONNULL = YES;
				CLANG_ANALYZER_NUMBER_OBJECT_CONVERSION = YES_AGGRESSIVE;
				CLANG_CXX_LANGUAGE_STANDARD = "gnu++20";
				CLANG_ENABLE_MODULES = YES;
				CLANG_ENABLE_OBJC_ARC = YES;
				CLANG_ENABLE_OBJC_WEAK = YES;
				CLANG_WARN_BLOCK_CAPTURE_AUTORELEASING = YES;
				CLANG_WARN_BOOL_CONVERSION = YES;
				CLANG_WARN_COMMA = YES;
				CLANG_WARN_CONSTANT_CONVERSION = YES;
				CLANG_WARN_DEPRECATED_OBJC_IMPLEMENTATIONS = YES;
				CLANG_WARN_DIRECT_OBJC_ISA_USAGE = YES_ERROR;
				CLANG_WARN_DOCUMENTATION_COMMENTS = YES;
				CLANG_WARN_EMPTY_BODY = YES;
				CLANG_WARN_ENUM_CONVERSION = YES;
				CLANG_WARN_INFINITE_RECURSION = YES;
				CLANG_WARN_INT_CONVERSION = YES;
				CLANG_WARN_NON_LITERAL_NULL_CONVERSION = YES;
				CLANG_WARN_OBJC_IMPLICIT_RETAIN_SELF = YES;
				CLANG_WARN_OBJC_LITERAL_CONVERSION = YES;
				CLANG_WARN_OBJC_ROOT_CLASS = YES_ERROR;
				CLANG_WARN_QUOTED_INCLUDE_IN_FRAMEWORK_HEADER = YES;
				CLANG_WARN_RANGE_LOOP_ANALYSIS = YES;
				CLANG_WARN_STRICT_PROTOTYPES = YES;
				CLANG_WARN_SUSPICIOUS_MOVE = YES;
				CLANG_WARN_UNGUARDED_AVAILABILITY = YES_AGGRESSIVE;
				CLANG_WARN_UNREACHABLE_CODE = YES;
				CLANG_WARN__DUPLICATE_METHOD_MATCH = YES;
				COPY_PHASE_STRIP = NO;
				DEBUG_INFORMATION_FORMAT = dwarf;
				ENABLE_STRICT_OBJC_MSGSEND = YES;
				ENABLE_TESTABILITY = YES;
				ENABLE_USER_SCRIPT_SANDBOXING = YES;
				GCC_C_LANGUAGE_STANDARD = gnu17;
				GCC_DYNAMIC_NO_PIC = NO;
				GCC_NO_COMMON_BLOCKS = YES;
				GCC_OPTIMIZATION_LEVEL = 0;
				GCC_PREPROCESSOR_DEFINITIONS = (
					"DEBUG=1",
					"$(inherited)",
				);
				GCC_WARN_64_TO_32_BIT_CONVERSION = YES;
				GCC_WARN_ABOUT_RETURN_TYPE = YES_ERROR;
				GCC_WARN_UNDECLARED_SELECTOR = YES;
				GCC_WARN_UNINITIALIZED_AUTOS = YES_AGGRESSIVE;
				GCC_WARN_UNUSED_FUNCTION = YES;
				GCC_WARN_UNUSED_VARIABLE = YES;
				LOCALIZATION_PREFERS_STRING_CATALOGS = YES;
				MTL_ENABLE_DEBUG_INFO = INCLUDE_SOURCE;
				MTL_FAST_MATH = YES;
				ONLY_ACTIVE_ARCH = YES;
				SDKROOT = xros;
				SWIFT_ACTIVE_COMPILATION_CONDITIONS = "DEBUG $(inherited)";
				SWIFT_OPTIMIZATION_LEVEL = "-Onone";
				XROS_DEPLOYMENT_TARGET = 1.1;
			};
			name = Debug;
		};
		B8205F2F2BC0EE2B00944A42 /* Release */ = {
			isa = XCBuildConfiguration;
			buildSettings = {
				ALWAYS_SEARCH_USER_PATHS = NO;
				ASSETCATALOG_COMPILER_GENERATE_SWIFT_ASSET_SYMBOL_EXTENSIONS = YES;
				CLANG_ANALYZER_NONNULL = YES;
				CLANG_ANALYZER_NUMBER_OBJECT_CONVERSION = YES_AGGRESSIVE;
				CLANG_CXX_LANGUAGE_STANDARD = "gnu++20";
				CLANG_ENABLE_MODULES = YES;
				CLANG_ENABLE_OBJC_ARC = YES;
				CLANG_ENABLE_OBJC_WEAK = YES;
				CLANG_WARN_BLOCK_CAPTURE_AUTORELEASING = YES;
				CLANG_WARN_BOOL_CONVERSION = YES;
				CLANG_WARN_COMMA = YES;
				CLANG_WARN_CONSTANT_CONVERSION = YES;
				CLANG_WARN_DEPRECATED_OBJC_IMPLEMENTATIONS = YES;
				CLANG_WARN_DIRECT_OBJC_ISA_USAGE = YES_ERROR;
				CLANG_WARN_DOCUMENTATION_COMMENTS = YES;
				CLANG_WARN_EMPTY_BODY = YES;
				CLANG_WARN_ENUM_CONVERSION = YES;
				CLANG_WARN_INFINITE_RECURSION = YES;
				CLANG_WARN_INT_CONVERSION = YES;
				CLANG_WARN_NON_LITERAL_NULL_CONVERSION = YES;
				CLANG_WARN_OBJC_IMPLICIT_RETAIN_SELF = YES;
				CLANG_WARN_OBJC_LITERAL_CONVERSION = YES;
				CLANG_WARN_OBJC_ROOT_CLASS = YES_ERROR;
				CLANG_WARN_QUOTED_INCLUDE_IN_FRAMEWORK_HEADER = YES;
				CLANG_WARN_RANGE_LOOP_ANALYSIS = YES;
				CLANG_WARN_STRICT_PROTOTYPES = YES;
				CLANG_WARN_SUSPICIOUS_MOVE = YES;
				CLANG_WARN_UNGUARDED_AVAILABILITY = YES_AGGRESSIVE;
				CLANG_WARN_UNREACHABLE_CODE = YES;
				CLANG_WARN__DUPLICATE_METHOD_MATCH = YES;
				COPY_PHASE_STRIP = NO;
				DEBUG_INFORMATION_FORMAT = "dwarf-with-dsym";
				ENABLE_NS_ASSERTIONS = NO;
				ENABLE_STRICT_OBJC_MSGSEND = YES;
				ENABLE_USER_SCRIPT_SANDBOXING = YES;
				GCC_C_LANGUAGE_STANDARD = gnu17;
				GCC_NO_COMMON_BLOCKS = YES;
				GCC_WARN_64_TO_32_BIT_CONVERSION = YES;
				GCC_WARN_ABOUT_RETURN_TYPE = YES_ERROR;
				GCC_WARN_UNDECLARED_SELECTOR = YES;
				GCC_WARN_UNINITIALIZED_AUTOS = YES_AGGRESSIVE;
				GCC_WARN_UNUSED_FUNCTION = YES;
				GCC_WARN_UNUSED_VARIABLE = YES;
				LOCALIZATION_PREFERS_STRING_CATALOGS = YES;
				MTL_ENABLE_DEBUG_INFO = NO;
				MTL_FAST_MATH = YES;
				SDKROOT = xros;
				SWIFT_COMPILATION_MODE = wholemodule;
				VALIDATE_PRODUCT = YES;
				XROS_DEPLOYMENT_TARGET = 1.1;
			};
			name = Release;
		};
		B8205F312BC0EE2B00944A42 /* Debug */ = {
			isa = XCBuildConfiguration;
			buildSettings = {
				ASSETCATALOG_COMPILER_APPICON_NAME = AppIcon;
				ASSETCATALOG_COMPILER_GLOBAL_ACCENT_COLOR_NAME = AccentColor;
				CODE_SIGN_STYLE = Automatic;
				CURRENT_PROJECT_VERSION = 1;
				DEVELOPMENT_ASSET_PATHS = "\"IOSStudio/Preview Content\"";
				ENABLE_PREVIEWS = YES;
				GENERATE_INFOPLIST_FILE = YES;
				INFOPLIST_FILE = "$(TARGET_NAME)/Info.plist";
				LD_RUNPATH_SEARCH_PATHS = (
					"$(inherited)",
					"@executable_path/Frameworks",
				);
				MARKETING_VERSION = 1.0;
				PRODUCT_BUNDLE_IDENTIFIER = test.IOSStudio;
				PRODUCT_NAME = "$(TARGET_NAME)";
				SUPPORTED_PLATFORMS = "xros xrsimulator";
				SWIFT_EMIT_LOC_STRINGS = YES;
				SWIFT_VERSION = 5.0;
				TARGETED_DEVICE_FAMILY = "1,2,7";
			};
			name = Debug;
		};
		B8205F322BC0EE2B00944A42 /* Release */ = {
			isa = XCBuildConfiguration;
			buildSettings = {
				ASSETCATALOG_COMPILER_APPICON_NAME = AppIcon;
				ASSETCATALOG_COMPILER_GLOBAL_ACCENT_COLOR_NAME = AccentColor;
				CODE_SIGN_STYLE = Automatic;
				CURRENT_PROJECT_VERSION = 1;
				DEVELOPMENT_ASSET_PATHS = "\"IOSStudio/Preview Content\"";
				ENABLE_PREVIEWS = YES;
				GENERATE_INFOPLIST_FILE = YES;
				INFOPLIST_FILE = "$(TARGET_NAME)/Info.plist";
				LD_RUNPATH_SEARCH_PATHS = (
					"$(inherited)",
					"@executable_path/Frameworks",
				);
				MARKETING_VERSION = 1.0;
				PRODUCT_BUNDLE_IDENTIFIER = test.IOSStudio;
				PRODUCT_NAME = "$(TARGET_NAME)";
				SUPPORTED_PLATFORMS = "xros xrsimulator";
				SWIFT_EMIT_LOC_STRINGS = YES;
				SWIFT_VERSION = 5.0;
				TARGETED_DEVICE_FAMILY = "1,2,7";
			};
			name = Release;
		};
/* End XCBuildConfiguration section */

/* Begin XCConfigurationList section */
		B8205F142BC0EE2800944A42 /* Build configuration list for PBXProject "IOSStudio" */ = {
			isa = XCConfigurationList;
			buildConfigurations = (
				B8205F2E2BC0EE2B00944A42 /* Debug */,
				B8205F2F2BC0EE2B00944A42 /* Release */,
			);
			defaultConfigurationIsVisible = 0;
			defaultConfigurationName = Release;
		};
		B8205F302BC0EE2B00944A42 /* Build configuration list for PBXNativeTarget "IOSStudio" */ = {
			isa = XCConfigurationList;
			buildConfigurations = (
				B8205F312BC0EE2B00944A42 /* Debug */,
				B8205F322BC0EE2B00944A42 /* Release */,
			);
			defaultConfigurationIsVisible = 0;
			defaultConfigurationName = Release;
		};
/* End XCConfigurationList section */

/* Begin XCSwiftPackageProductDependency section */
		B8205F1E2BC0EE2800944A42 /* RealityKitContent */ = {
			isa = XCSwiftPackageProductDependency;
			productName = RealityKitContent;
		};
/* End XCSwiftPackageProductDependency section */
	};
	rootObject = B8205F112BC0EE2800944A42 /* Project object */;
}
